// !$*UTF8*$!
{
	archiveVersion = 1;
	classes = {
	};
	objectVersion = 60;
	objects = {

/* Begin PBXBuildFile section */
		045844F42B9EE0180064753C /* Dashboard.swift in Sources */ = {isa = PBXBuildFile; fileRef = 045844F32B9EE0180064753C /* Dashboard.swift */; };
		04B33F302B8B320600D58E13 /* Level2.swift in Sources */ = {isa = PBXBuildFile; fileRef = 04B33F2F2B8B320600D58E13 /* Level2.swift */; };
		04B33F332B8B7C0400D58E13 /* Login.swift in Sources */ = {isa = PBXBuildFile; fileRef = 04B33F322B8B7C0400D58E13 /* Login.swift */; };
		04B33F352B8B8CD700D58E13 /* LoginView.swift in Sources */ = {isa = PBXBuildFile; fileRef = 04B33F342B8B8CD700D58E13 /* LoginView.swift */; };
		04C1290F2B8CABD3003D7C19 /* RealmManager.swift in Sources */ = {isa = PBXBuildFile; fileRef = 04C1290E2B8CABD3003D7C19 /* RealmManager.swift */; };
		04C8911C2B8A0B340056510C /* SwiftUIBootcampApp.swift in Sources */ = {isa = PBXBuildFile; fileRef = 04C8911B2B8A0B340056510C /* SwiftUIBootcampApp.swift */; };
		04C8911E2B8A0B340056510C /* ContentView.swift in Sources */ = {isa = PBXBuildFile; fileRef = 04C8911D2B8A0B340056510C /* ContentView.swift */; };
		04C891202B8A0B390056510C /* Assets.xcassets in Resources */ = {isa = PBXBuildFile; fileRef = 04C8911F2B8A0B380056510C /* Assets.xcassets */; };
		04C891232B8A0B390056510C /* Preview Assets.xcassets in Resources */ = {isa = PBXBuildFile; fileRef = 04C891222B8A0B390056510C /* Preview Assets.xcassets */; };
		04C8912D2B8A0B390056510C /* SwiftUIBootcampTests.swift in Sources */ = {isa = PBXBuildFile; fileRef = 04C8912C2B8A0B390056510C /* SwiftUIBootcampTests.swift */; };
		04C891372B8A0B390056510C /* SwiftUIBootcampUITests.swift in Sources */ = {isa = PBXBuildFile; fileRef = 04C891362B8A0B390056510C /* SwiftUIBootcampUITests.swift */; };
		04C891392B8A0B390056510C /* SwiftUIBootcampUITestsLaunchTests.swift in Sources */ = {isa = PBXBuildFile; fileRef = 04C891382B8A0B390056510C /* SwiftUIBootcampUITestsLaunchTests.swift */; };
		04C8914E2B8A420B0056510C /* ListFollowCard.swift in Sources */ = {isa = PBXBuildFile; fileRef = 04C8914D2B8A420B0056510C /* ListFollowCard.swift */; };
		04C891502B8A5B210056510C /* CardProfile.swift in Sources */ = {isa = PBXBuildFile; fileRef = 04C8914F2B8A5B210056510C /* CardProfile.swift */; };
/* End PBXBuildFile section */

/* Begin PBXContainerItemProxy section */
		04C891292B8A0B390056510C /* PBXContainerItemProxy */ = {
			isa = PBXContainerItemProxy;
			containerPortal = 04C891102B8A0B340056510C /* Project object */;
			proxyType = 1;
			remoteGlobalIDString = 04C891172B8A0B340056510C;
			remoteInfo = SwiftUIBootcamp;
		};
		04C891332B8A0B390056510C /* PBXContainerItemProxy */ = {
			isa = PBXContainerItemProxy;
			containerPortal = 04C891102B8A0B340056510C /* Project object */;
			proxyType = 1;
			remoteGlobalIDString = 04C891172B8A0B340056510C;
			remoteInfo = SwiftUIBootcamp;
		};
/* End PBXContainerItemProxy section */

/* Begin PBXFileReference section */
		045844F32B9EE0180064753C /* Dashboard.swift */ = {isa = PBXFileReference; lastKnownFileType = sourcecode.swift; path = Dashboard.swift; sourceTree = "<group>"; };
		04B33F2F2B8B320600D58E13 /* Level2.swift */ = {isa = PBXFileReference; lastKnownFileType = sourcecode.swift; path = Level2.swift; sourceTree = "<group>"; };
		04B33F322B8B7C0400D58E13 /* Login.swift */ = {isa = PBXFileReference; lastKnownFileType = sourcecode.swift; path = Login.swift; sourceTree = "<group>"; };
		04B33F342B8B8CD700D58E13 /* LoginView.swift */ = {isa = PBXFileReference; lastKnownFileType = sourcecode.swift; path = LoginView.swift; sourceTree = "<group>"; };
		04C1290E2B8CABD3003D7C19 /* RealmManager.swift */ = {isa = PBXFileReference; lastKnownFileType = sourcecode.swift; path = RealmManager.swift; sourceTree = "<group>"; };
		04C891182B8A0B340056510C /* SwiftUIBootcamp.app */ = {isa = PBXFileReference; explicitFileType = wrapper.application; includeInIndex = 0; path = SwiftUIBootcamp.app; sourceTree = BUILT_PRODUCTS_DIR; };
		04C8911B2B8A0B340056510C /* SwiftUIBootcampApp.swift */ = {isa = PBXFileReference; lastKnownFileType = sourcecode.swift; path = SwiftUIBootcampApp.swift; sourceTree = "<group>"; };
		04C8911D2B8A0B340056510C /* ContentView.swift */ = {isa = PBXFileReference; lastKnownFileType = sourcecode.swift; path = ContentView.swift; sourceTree = "<group>"; };
		04C8911F2B8A0B380056510C /* Assets.xcassets */ = {isa = PBXFileReference; lastKnownFileType = folder.assetcatalog; path = Assets.xcassets; sourceTree = "<group>"; };
		04C891222B8A0B390056510C /* Preview Assets.xcassets */ = {isa = PBXFileReference; lastKnownFileType = folder.assetcatalog; path = "Preview Assets.xcassets"; sourceTree = "<group>"; };
		04C891282B8A0B390056510C /* SwiftUIBootcampTests.xctest */ = {isa = PBXFileReference; explicitFileType = wrapper.cfbundle; includeInIndex = 0; path = SwiftUIBootcampTests.xctest; sourceTree = BUILT_PRODUCTS_DIR; };
		04C8912C2B8A0B390056510C /* SwiftUIBootcampTests.swift */ = {isa = PBXFileReference; lastKnownFileType = sourcecode.swift; path = SwiftUIBootcampTests.swift; sourceTree = "<group>"; };
		04C891322B8A0B390056510C /* SwiftUIBootcampUITests.xctest */ = {isa = PBXFileReference; explicitFileType = wrapper.cfbundle; includeInIndex = 0; path = SwiftUIBootcampUITests.xctest; sourceTree = BUILT_PRODUCTS_DIR; };
		04C891362B8A0B390056510C /* SwiftUIBootcampUITests.swift */ = {isa = PBXFileReference; lastKnownFileType = sourcecode.swift; path = SwiftUIBootcampUITests.swift; sourceTree = "<group>"; };
		04C891382B8A0B390056510C /* SwiftUIBootcampUITestsLaunchTests.swift */ = {isa = PBXFileReference; lastKnownFileType = sourcecode.swift; path = SwiftUIBootcampUITestsLaunchTests.swift; sourceTree = "<group>"; };
		04C8914D2B8A420B0056510C /* ListFollowCard.swift */ = {isa = PBXFileReference; lastKnownFileType = sourcecode.swift; path = ListFollowCard.swift; sourceTree = "<group>"; };
		04C8914F2B8A5B210056510C /* CardProfile.swift */ = {isa = PBXFileReference; lastKnownFileType = sourcecode.swift; path = CardProfile.swift; sourceTree = "<group>"; };
/* End PBXFileReference section */

/* Begin PBXFrameworksBuildPhase section */
		04C891152B8A0B340056510C /* Frameworks */ = {
			isa = PBXFrameworksBuildPhase;
			buildActionMask = 2147483647;
			files = (
			);
			runOnlyForDeploymentPostprocessing = 0;
		};
		04C891252B8A0B390056510C /* Frameworks */ = {
			isa = PBXFrameworksBuildPhase;
			buildActionMask = 2147483647;
			files = (
			);
			runOnlyForDeploymentPostprocessing = 0;
		};
		04C8912F2B8A0B390056510C /* Frameworks */ = {
			isa = PBXFrameworksBuildPhase;
			buildActionMask = 2147483647;
			files = (
			);
			runOnlyForDeploymentPostprocessing = 0;
		};
/* End PBXFrameworksBuildPhase section */

/* Begin PBXGroup section */
		04B33F2E2B8B31BA00D58E13 /* Buttons */ = {
			isa = PBXGroup;
			children = (
				04B33F2F2B8B320600D58E13 /* Level2.swift */,
			);
			path = Buttons;
			sourceTree = "<group>";
		};
		04B33F312B8B7BEC00D58E13 /* LoginPage */ = {
			isa = PBXGroup;
			children = (
				04B33F322B8B7C0400D58E13 /* Login.swift */,
				04B33F342B8B8CD700D58E13 /* LoginView.swift */,
			);
			path = LoginPage;
			sourceTree = "<group>";
		};
		04C1290D2B8CABAB003D7C19 /* RealmManager */ = {
			isa = PBXGroup;
			children = (
				04C1290E2B8CABD3003D7C19 /* RealmManager.swift */,
			);
			path = RealmManager;
			sourceTree = "<group>";
		};
		04C8910F2B8A0B340056510C = {
			isa = PBXGroup;
			children = (
				04C8911A2B8A0B340056510C /* SwiftUIBootcamp */,
				04C8912B2B8A0B390056510C /* SwiftUIBootcampTests */,
				04C891352B8A0B390056510C /* SwiftUIBootcampUITests */,
				04C891192B8A0B340056510C /* Products */,
			);
			sourceTree = "<group>";
		};
		04C891192B8A0B340056510C /* Products */ = {
			isa = PBXGroup;
			children = (
				04C891182B8A0B340056510C /* SwiftUIBootcamp.app */,
				04C891282B8A0B390056510C /* SwiftUIBootcampTests.xctest */,
				04C891322B8A0B390056510C /* SwiftUIBootcampUITests.xctest */,
			);
			name = Products;
			sourceTree = "<group>";
		};
		04C8911A2B8A0B340056510C /* SwiftUIBootcamp */ = {
			isa = PBXGroup;
			children = (
				04C1290D2B8CABAB003D7C19 /* RealmManager */,
				04B33F312B8B7BEC00D58E13 /* LoginPage */,
				04B33F2E2B8B31BA00D58E13 /* Buttons */,
				04C8911B2B8A0B340056510C /* SwiftUIBootcampApp.swift */,
				04C8914D2B8A420B0056510C /* ListFollowCard.swift */,
				04C8914F2B8A5B210056510C /* CardProfile.swift */,
				04C8911D2B8A0B340056510C /* ContentView.swift */,
				04C8911F2B8A0B380056510C /* Assets.xcassets */,
				04C891212B8A0B390056510C /* Preview Content */,
				045844F32B9EE0180064753C /* Dashboard.swift */,
			);
			path = SwiftUIBootcamp;
			sourceTree = "<group>";
		};
		04C891212B8A0B390056510C /* Preview Content */ = {
			isa = PBXGroup;
			children = (
				04C891222B8A0B390056510C /* Preview Assets.xcassets */,
			);
			path = "Preview Content";
			sourceTree = "<group>";
		};
		04C8912B2B8A0B390056510C /* SwiftUIBootcampTests */ = {
			isa = PBXGroup;
			children = (
				04C8912C2B8A0B390056510C /* SwiftUIBootcampTests.swift */,
			);
			path = SwiftUIBootcampTests;
			sourceTree = "<group>";
		};
		04C891352B8A0B390056510C /* SwiftUIBootcampUITests */ = {
			isa = PBXGroup;
			children = (
				04C891362B8A0B390056510C /* SwiftUIBootcampUITests.swift */,
				04C891382B8A0B390056510C /* SwiftUIBootcampUITestsLaunchTests.swift */,
			);
			path = SwiftUIBootcampUITests;
			sourceTree = "<group>";
		};
/* End PBXGroup section */

/* Begin PBXNativeTarget section */
		04C891172B8A0B340056510C /* SwiftUIBootcamp */ = {
			isa = PBXNativeTarget;
			buildConfigurationList = 04C8913C2B8A0B390056510C /* Build configuration list for PBXNativeTarget "SwiftUIBootcamp" */;
			buildPhases = (
				04C891142B8A0B340056510C /* Sources */,
				04C891152B8A0B340056510C /* Frameworks */,
				04C891162B8A0B340056510C /* Resources */,
			);
			buildRules = (
			);
			dependencies = (
			);
			name = SwiftUIBootcamp;
			productName = SwiftUIBootcamp;
			productReference = 04C891182B8A0B340056510C /* SwiftUIBootcamp.app */;
			productType = "com.apple.product-type.application";
		};
		04C891272B8A0B390056510C /* SwiftUIBootcampTests */ = {
			isa = PBXNativeTarget;
			buildConfigurationList = 04C8913F2B8A0B390056510C /* Build configuration list for PBXNativeTarget "SwiftUIBootcampTests" */;
			buildPhases = (
				04C891242B8A0B390056510C /* Sources */,
				04C891252B8A0B390056510C /* Frameworks */,
				04C891262B8A0B390056510C /* Resources */,
			);
			buildRules = (
			);
			dependencies = (
				04C8912A2B8A0B390056510C /* PBXTargetDependency */,
			);
			name = SwiftUIBootcampTests;
			productName = SwiftUIBootcampTests;
			productReference = 04C891282B8A0B390056510C /* SwiftUIBootcampTests.xctest */;
			productType = "com.apple.product-type.bundle.unit-test";
		};
		04C891312B8A0B390056510C /* SwiftUIBootcampUITests */ = {
			isa = PBXNativeTarget;
			buildConfigurationList = 04C891422B8A0B390056510C /* Build configuration list for PBXNativeTarget "SwiftUIBootcampUITests" */;
			buildPhases = (
				04C8912E2B8A0B390056510C /* Sources */,
				04C8912F2B8A0B390056510C /* Frameworks */,
				04C891302B8A0B390056510C /* Resources */,
			);
			buildRules = (
			);
			dependencies = (
				04C891342B8A0B390056510C /* PBXTargetDependency */,
			);
			name = SwiftUIBootcampUITests;
			productName = SwiftUIBootcampUITests;
			productReference = 04C891322B8A0B390056510C /* SwiftUIBootcampUITests.xctest */;
			productType = "com.apple.product-type.bundle.ui-testing";
		};
/* End PBXNativeTarget section */

/* Begin PBXProject section */
		04C891102B8A0B340056510C /* Project object */ = {
			isa = PBXProject;
			attributes = {
				BuildIndependentTargetsInParallel = 1;
				LastSwiftUpdateCheck = 1520;
				LastUpgradeCheck = 1520;
				TargetAttributes = {
					04C891172B8A0B340056510C = {
						CreatedOnToolsVersion = 15.2;
					};
					04C891272B8A0B390056510C = {
						CreatedOnToolsVersion = 15.2;
						TestTargetID = 04C891172B8A0B340056510C;
					};
					04C891312B8A0B390056510C = {
						CreatedOnToolsVersion = 15.2;
						TestTargetID = 04C891172B8A0B340056510C;
					};
				};
			};
			buildConfigurationList = 04C891132B8A0B340056510C /* Build configuration list for PBXProject "SwiftUIBootcamp" */;
			compatibilityVersion = "Xcode 14.0";
			developmentRegion = en;
			hasScannedForEncodings = 0;
			knownRegions = (
				en,
				Base,
			);
			mainGroup = 04C8910F2B8A0B340056510C;
			packageReferences = (
				04C1290C2B8CAAF8003D7C19 /* XCLocalSwiftPackageReference "../../Downloads/realm-swift-next-major" */,
			);
			productRefGroup = 04C891192B8A0B340056510C /* Products */;
			projectDirPath = "";
			projectRoot = "";
			targets = (
				04C891172B8A0B340056510C /* SwiftUIBootcamp */,
				04C891272B8A0B390056510C /* SwiftUIBootcampTests */,
				04C891312B8A0B390056510C /* SwiftUIBootcampUITests */,
			);
		};
/* End PBXProject section */

/* Begin PBXResourcesBuildPhase section */
		04C891162B8A0B340056510C /* Resources */ = {
			isa = PBXResourcesBuildPhase;
			buildActionMask = 2147483647;
			files = (
				04C891232B8A0B390056510C /* Preview Assets.xcassets in Resources */,
				04C891202B8A0B390056510C /* Assets.xcassets in Resources */,
			);
			runOnlyForDeploymentPostprocessing = 0;
		};
		04C891262B8A0B390056510C /* Resources */ = {
			isa = PBXResourcesBuildPhase;
			buildActionMask = 2147483647;
			files = (
			);
			runOnlyForDeploymentPostprocessing = 0;
		};
		04C891302B8A0B390056510C /* Resources */ = {
			isa = PBXResourcesBuildPhase;
			buildActionMask = 2147483647;
			files = (
			);
			runOnlyForDeploymentPostprocessing = 0;
		};
/* End PBXResourcesBuildPhase section */

/* Begin PBXSourcesBuildPhase section */
		04C891142B8A0B340056510C /* Sources */ = {
			isa = PBXSourcesBuildPhase;
			buildActionMask = 2147483647;
			files = (
				04B33F302B8B320600D58E13 /* Level2.swift in Sources */,
				04C1290F2B8CABD3003D7C19 /* RealmManager.swift in Sources */,
				04B33F352B8B8CD700D58E13 /* LoginView.swift in Sources */,
				04C8911E2B8A0B340056510C /* ContentView.swift in Sources */,
				045844F42B9EE0180064753C /* Dashboard.swift in Sources */,
				04C8911C2B8A0B340056510C /* SwiftUIBootcampApp.swift in Sources */,
				04B33F332B8B7C0400D58E13 /* Login.swift in Sources */,
				04C8914E2B8A420B0056510C /* ListFollowCard.swift in Sources */,
				04C891502B8A5B210056510C /* CardProfile.swift in Sources */,
			);
			runOnlyForDeploymentPostprocessing = 0;
		};
		04C891242B8A0B390056510C /* Sources */ = {
			isa = PBXSourcesBuildPhase;
			buildActionMask = 2147483647;
			files = (
				04C8912D2B8A0B390056510C /* SwiftUIBootcampTests.swift in Sources */,
			);
			runOnlyForDeploymentPostprocessing = 0;
		};
		04C8912E2B8A0B390056510C /* Sources */ = {
			isa = PBXSourcesBuildPhase;
			buildActionMask = 2147483647;
			files = (
				04C891372B8A0B390056510C /* SwiftUIBootcampUITests.swift in Sources */,
				04C891392B8A0B390056510C /* SwiftUIBootcampUITestsLaunchTests.swift in Sources */,
			);
			runOnlyForDeploymentPostprocessing = 0;
		};
/* End PBXSourcesBuildPhase section */

/* Begin PBXTargetDependency section */
		04C8912A2B8A0B390056510C /* PBXTargetDependency */ = {
			isa = PBXTargetDependency;
			target = 04C891172B8A0B340056510C /* SwiftUIBootcamp */;
			targetProxy = 04C891292B8A0B390056510C /* PBXContainerItemProxy */;
		};
		04C891342B8A0B390056510C /* PBXTargetDependency */ = {
			isa = PBXTargetDependency;
			target = 04C891172B8A0B340056510C /* SwiftUIBootcamp */;
			targetProxy = 04C891332B8A0B390056510C /* PBXContainerItemProxy */;
		};
/* End PBXTargetDependency section */

/* Begin XCBuildConfiguration section */
		04C8913A2B8A0B390056510C /* Debug */ = {
			isa = XCBuildConfiguration;
			buildSettings = {
				ALWAYS_SEARCH_USER_PATHS = NO;
				ASSETCATALOG_COMPILER_GENERATE_SWIFT_ASSET_SYMBOL_EXTENSIONS = YES;
				CLANG_ANALYZER_NONNULL = YES;
				CLANG_ANALYZER_NUMBER_OBJECT_CONVERSION = YES_AGGRESSIVE;
				CLANG_CXX_LANGUAGE_STANDARD = "gnu++20";
				CLANG_ENABLE_MODULES = YES;
				CLANG_ENABLE_OBJC_ARC = YES;
				CLANG_ENABLE_OBJC_WEAK = YES;
				CLANG_WARN_BLOCK_CAPTURE_AUTORELEASING = YES;
				CLANG_WARN_BOOL_CONVERSION = YES;
				CLANG_WARN_COMMA = YES;
				CLANG_WARN_CONSTANT_CONVERSION = YES;
				CLANG_WARN_DEPRECATED_OBJC_IMPLEMENTATIONS = YES;
				CLANG_WARN_DIRECT_OBJC_ISA_USAGE = YES_ERROR;
				CLANG_WARN_DOCUMENTATION_COMMENTS = YES;
				CLANG_WARN_EMPTY_BODY = YES;
				CLANG_WARN_ENUM_CONVERSION = YES;
				CLANG_WARN_INFINITE_RECURSION = YES;
				CLANG_WARN_INT_CONVERSION = YES;
				CLANG_WARN_NON_LITERAL_NULL_CONVERSION = YES;
				CLANG_WARN_OBJC_IMPLICIT_RETAIN_SELF = YES;
				CLANG_WARN_OBJC_LITERAL_CONVERSION = YES;
				CLANG_WARN_OBJC_ROOT_CLASS = YES_ERROR;
				CLANG_WARN_QUOTED_INCLUDE_IN_FRAMEWORK_HEADER = YES;
				CLANG_WARN_RANGE_LOOP_ANALYSIS = YES;
				CLANG_WARN_STRICT_PROTOTYPES = YES;
				CLANG_WARN_SUSPICIOUS_MOVE = YES;
				CLANG_WARN_UNGUARDED_AVAILABILITY = YES_AGGRESSIVE;
				CLANG_WARN_UNREACHABLE_CODE = YES;
				CLANG_WARN__DUPLICATE_METHOD_MATCH = YES;
				COPY_PHASE_STRIP = NO;
				DEBUG_INFORMATION_FORMAT = dwarf;
				ENABLE_STRICT_OBJC_MSGSEND = YES;
				ENABLE_TESTABILITY = YES;
				ENABLE_USER_SCRIPT_SANDBOXING = YES;
				GCC_C_LANGUAGE_STANDARD = gnu17;
				GCC_DYNAMIC_NO_PIC = NO;
				GCC_NO_COMMON_BLOCKS = YES;
				GCC_OPTIMIZATION_LEVEL = 0;
				GCC_PREPROCESSOR_DEFINITIONS = (
					"DEBUG=1",
					"$(inherited)",
				);
				GCC_WARN_64_TO_32_BIT_CONVERSION = YES;
				GCC_WARN_ABOUT_RETURN_TYPE = YES_ERROR;
				GCC_WARN_UNDECLARED_SELECTOR = YES;
				GCC_WARN_UNINITIALIZED_AUTOS = YES_AGGRESSIVE;
				GCC_WARN_UNUSED_FUNCTION = YES;
				GCC_WARN_UNUSED_VARIABLE = YES;
				IPHONEOS_DEPLOYMENT_TARGET = 17.2;
				LOCALIZATION_PREFERS_STRING_CATALOGS = YES;
				MTL_ENABLE_DEBUG_INFO = INCLUDE_SOURCE;
				MTL_FAST_MATH = YES;
				ONLY_ACTIVE_ARCH = YES;
				SDKROOT = iphoneos;
				SWIFT_ACTIVE_COMPILATION_CONDITIONS = "DEBUG $(inherited)";
				SWIFT_OPTIMIZATION_LEVEL = "-Onone";
			};
			name = Debug;
		};
		04C8913B2B8A0B390056510C /* Release */ = {
			isa = XCBuildConfiguration;
			buildSettings = {
				ALWAYS_SEARCH_USER_PATHS = NO;
				ASSETCATALOG_COMPILER_GENERATE_SWIFT_ASSET_SYMBOL_EXTENSIONS = YES;
				CLANG_ANALYZER_NONNULL = YES;
				CLANG_ANALYZER_NUMBER_OBJECT_CONVERSION = YES_AGGRESSIVE;
				CLANG_CXX_LANGUAGE_STANDARD = "gnu++20";
				CLANG_ENABLE_MODULES = YES;
				CLANG_ENABLE_OBJC_ARC = YES;
				CLANG_ENABLE_OBJC_WEAK = YES;
				CLANG_WARN_BLOCK_CAPTURE_AUTORELEASING = YES;
				CLANG_WARN_BOOL_CONVERSION = YES;
				CLANG_WARN_COMMA = YES;
				CLANG_WARN_CONSTANT_CONVERSION = YES;
				CLANG_WARN_DEPRECATED_OBJC_IMPLEMENTATIONS = YES;
				CLANG_WARN_DIRECT_OBJC_ISA_USAGE = YES_ERROR;
				CLANG_WARN_DOCUMENTATION_COMMENTS = YES;
				CLANG_WARN_EMPTY_BODY = YES;
				CLANG_WARN_ENUM_CONVERSION = YES;
				CLANG_WARN_INFINITE_RECURSION = YES;
				CLANG_WARN_INT_CONVERSION = YES;
				CLANG_WARN_NON_LITERAL_NULL_CONVERSION = YES;
				CLANG_WARN_OBJC_IMPLICIT_RETAIN_SELF = YES;
				CLANG_WARN_OBJC_LITERAL_CONVERSION = YES;
				CLANG_WARN_OBJC_ROOT_CLASS = YES_ERROR;
				CLANG_WARN_QUOTED_INCLUDE_IN_FRAMEWORK_HEADER = YES;
				CLANG_WARN_RANGE_LOOP_ANALYSIS = YES;
				CLANG_WARN_STRICT_PROTOTYPES = YES;
				CLANG_WARN_SUSPICIOUS_MOVE = YES;
				CLANG_WARN_UNGUARDED_AVAILABILITY = YES_AGGRESSIVE;
				CLANG_WARN_UNREACHABLE_CODE = YES;
				CLANG_WARN__DUPLICATE_METHOD_MATCH = YES;
				COPY_PHASE_STRIP = NO;
				DEBUG_INFORMATION_FORMAT = "dwarf-with-dsym";
				ENABLE_NS_ASSERTIONS = NO;
				ENABLE_STRICT_OBJC_MSGSEND = YES;
				ENABLE_USER_SCRIPT_SANDBOXING = YES;
				GCC_C_LANGUAGE_STANDARD = gnu17;
				GCC_NO_COMMON_BLOCKS = YES;
				GCC_WARN_64_TO_32_BIT_CONVERSION = YES;
				GCC_WARN_ABOUT_RETURN_TYPE = YES_ERROR;
				GCC_WARN_UNDECLARED_SELECTOR = YES;
				GCC_WARN_UNINITIALIZED_AUTOS = YES_AGGRESSIVE;
				GCC_WARN_UNUSED_FUNCTION = YES;
				GCC_WARN_UNUSED_VARIABLE = YES;
				IPHONEOS_DEPLOYMENT_TARGET = 17.2;
				LOCALIZATION_PREFERS_STRING_CATALOGS = YES;
				MTL_ENABLE_DEBUG_INFO = NO;
				MTL_FAST_MATH = YES;
				SDKROOT = iphoneos;
				SWIFT_COMPILATION_MODE = wholemodule;
				VALIDATE_PRODUCT = YES;
			};
			name = Release;
		};
		04C8913D2B8A0B390056510C /* Debug */ = {
			isa = XCBuildConfiguration;
			buildSettings = {
				ASSETCATALOG_COMPILER_APPICON_NAME = AppIcon;
				ASSETCATALOG_COMPILER_GLOBAL_ACCENT_COLOR_NAME = AccentColor;
				CODE_SIGN_STYLE = Automatic;
				CURRENT_PROJECT_VERSION = 1;
				DEVELOPMENT_ASSET_PATHS = "\"SwiftUIBootcamp/Preview Content\"";
				DEVELOPMENT_TEAM = 8RYX78FHXJ;
				ENABLE_PREVIEWS = YES;
				GENERATE_INFOPLIST_FILE = YES;
				INFOPLIST_KEY_UIApplicationSceneManifest_Generation = YES;
				INFOPLIST_KEY_UIApplicationSupportsIndirectInputEvents = YES;
				INFOPLIST_KEY_UILaunchScreen_Generation = YES;
				INFOPLIST_KEY_UISupportedInterfaceOrientations_iPad = "UIInterfaceOrientationPortrait UIInterfaceOrientationPortraitUpsideDown UIInterfaceOrientationLandscapeLeft UIInterfaceOrientationLandscapeRight";
				INFOPLIST_KEY_UISupportedInterfaceOrientations_iPhone = "UIInterfaceOrientationPortrait UIInterfaceOrientationLandscapeLeft UIInterfaceOrientationLandscapeRight";
				LD_RUNPATH_SEARCH_PATHS = (
					"$(inherited)",
					"@executable_path/Frameworks",
				);
				MARKETING_VERSION = 1.0;
				PRODUCT_BUNDLE_IDENTIFIER = app.netlify.geminichild.SwiftUIBootcamp;
				PRODUCT_NAME = "$(TARGET_NAME)";
				SWIFT_EMIT_LOC_STRINGS = YES;
				SWIFT_VERSION = 5.0;
				TARGETED_DEVICE_FAMILY = "1,2";
			};
			name = Debug;
		};
		04C8913E2B8A0B390056510C /* Release */ = {
			isa = XCBuildConfiguration;
			buildSettings = {
				ASSETCATALOG_COMPILER_APPICON_NAME = AppIcon;
				ASSETCATALOG_COMPILER_GLOBAL_ACCENT_COLOR_NAME = AccentColor;
				CODE_SIGN_STYLE = Automatic;
				CURRENT_PROJECT_VERSION = 1;
				DEVELOPMENT_ASSET_PATHS = "\"SwiftUIBootcamp/Preview Content\"";
				DEVELOPMENT_TEAM = 8RYX78FHXJ;
				ENABLE_PREVIEWS = YES;
				GENERATE_INFOPLIST_FILE = YES;
				INFOPLIST_KEY_UIApplicationSceneManifest_Generation = YES;
				INFOPLIST_KEY_UIApplicationSupportsIndirectInputEvents = YES;
				INFOPLIST_KEY_UILaunchScreen_Generation = YES;
				INFOPLIST_KEY_UISupportedInterfaceOrientations_iPad = "UIInterfaceOrientationPortrait UIInterfaceOrientationPortraitUpsideDown UIInterfaceOrientationLandscapeLeft UIInterfaceOrientationLandscapeRight";
				INFOPLIST_KEY_UISupportedInterfaceOrientations_iPhone = "UIInterfaceOrientationPortrait UIInterfaceOrientationLandscapeLeft UIInterfaceOrientationLandscapeRight";
				LD_RUNPATH_SEARCH_PATHS = (
					"$(inherited)",
					"@executable_path/Frameworks",
				);
				MARKETING_VERSION = 1.0;
				PRODUCT_BUNDLE_IDENTIFIER = app.netlify.geminichild.SwiftUIBootcamp;
				PRODUCT_NAME = "$(TARGET_NAME)";
				SWIFT_EMIT_LOC_STRINGS = YES;
				SWIFT_VERSION = 5.0;
				TARGETED_DEVICE_FAMILY = "1,2";
			};
			name = Release;
		};
		04C891402B8A0B390056510C /* Debug */ = {
			isa = XCBuildConfiguration;
			buildSettings = {
				ALWAYS_EMBED_SWIFT_STANDARD_LIBRARIES = YES;
				BUNDLE_LOADER = "$(TEST_HOST)";
				CODE_SIGN_STYLE = Automatic;
				CURRENT_PROJECT_VERSION = 1;
				DEVELOPMENT_TEAM = 8RYX78FHXJ;
				GENERATE_INFOPLIST_FILE = YES;
				IPHONEOS_DEPLOYMENT_TARGET = 17.2;
				MARKETING_VERSION = 1.0;
				PRODUCT_BUNDLE_IDENTIFIER = app.netlify.geminichild.SwiftUIBootcampTests;
				PRODUCT_NAME = "$(TARGET_NAME)";
				SWIFT_EMIT_LOC_STRINGS = NO;
				SWIFT_VERSION = 5.0;
				TARGETED_DEVICE_FAMILY = "1,2";
				TEST_HOST = "$(BUILT_PRODUCTS_DIR)/SwiftUIBootcamp.app/$(BUNDLE_EXECUTABLE_FOLDER_PATH)/SwiftUIBootcamp";
			};
			name = Debug;
		};
		04C891412B8A0B390056510C /* Release */ = {
			isa = XCBuildConfiguration;
			buildSettings = {
				ALWAYS_EMBED_SWIFT_STANDARD_LIBRARIES = YES;
				BUNDLE_LOADER = "$(TEST_HOST)";
				CODE_SIGN_STYLE = Automatic;
				CURRENT_PROJECT_VERSION = 1;
				DEVELOPMENT_TEAM = 8RYX78FHXJ;
				GENERATE_INFOPLIST_FILE = YES;
				IPHONEOS_DEPLOYMENT_TARGET = 17.2;
				MARKETING_VERSION = 1.0;
				PRODUCT_BUNDLE_IDENTIFIER = app.netlify.geminichild.SwiftUIBootcampTests;
				PRODUCT_NAME = "$(TARGET_NAME)";
				SWIFT_EMIT_LOC_STRINGS = NO;
				SWIFT_VERSION = 5.0;
				TARGETED_DEVICE_FAMILY = "1,2";
				TEST_HOST = "$(BUILT_PRODUCTS_DIR)/SwiftUIBootcamp.app/$(BUNDLE_EXECUTABLE_FOLDER_PATH)/SwiftUIBootcamp";
			};
			name = Release;
		};
		04C891432B8A0B390056510C /* Debug */ = {
			isa = XCBuildConfiguration;
			buildSettings = {
				ALWAYS_EMBED_SWIFT_STANDARD_LIBRARIES = YES;
				CODE_SIGN_STYLE = Automatic;
				CURRENT_PROJECT_VERSION = 1;
				DEVELOPMENT_TEAM = 8RYX78FHXJ;
				GENERATE_INFOPLIST_FILE = YES;
				MARKETING_VERSION = 1.0;
				PRODUCT_BUNDLE_IDENTIFIER = app.netlify.geminichild.SwiftUIBootcampUITests;
				PRODUCT_NAME = "$(TARGET_NAME)";
				SWIFT_EMIT_LOC_STRINGS = NO;
				SWIFT_VERSION = 5.0;
				TARGETED_DEVICE_FAMILY = "1,2";
				TEST_TARGET_NAME = SwiftUIBootcamp;
			};
			name = Debug;
		};
		04C891442B8A0B390056510C /* Release */ = {
			isa = XCBuildConfiguration;
			buildSettings = {
				ALWAYS_EMBED_SWIFT_STANDARD_LIBRARIES = YES;
				CODE_SIGN_STYLE = Automatic;
				CURRENT_PROJECT_VERSION = 1;
				DEVELOPMENT_TEAM = 8RYX78FHXJ;
				GENERATE_INFOPLIST_FILE = YES;
				MARKETING_VERSION = 1.0;
				PRODUCT_BUNDLE_IDENTIFIER = app.netlify.geminichild.SwiftUIBootcampUITests;
				PRODUCT_NAME = "$(TARGET_NAME)";
				SWIFT_EMIT_LOC_STRINGS = NO;
				SWIFT_VERSION = 5.0;
				TARGETED_DEVICE_FAMILY = "1,2";
				TEST_TARGET_NAME = SwiftUIBootcamp;
			};
			name = Release;
		};
/* End XCBuildConfiguration section */

/* Begin XCConfigurationList section */
		04C891132B8A0B340056510C /* Build configuration list for PBXProject "SwiftUIBootcamp" */ = {
			isa = XCConfigurationList;
			buildConfigurations = (
				04C8913A2B8A0B390056510C /* Debug */,
				04C8913B2B8A0B390056510C /* Release */,
			);
			defaultConfigurationIsVisible = 0;
			defaultConfigurationName = Release;
		};
		04C8913C2B8A0B390056510C /* Build configuration list for PBXNativeTarget "SwiftUIBootcamp" */ = {
			isa = XCConfigurationList;
			buildConfigurations = (
				04C8913D2B8A0B390056510C /* Debug */,
				04C8913E2B8A0B390056510C /* Release */,
			);
			defaultConfigurationIsVisible = 0;
			defaultConfigurationName = Release;
		};
		04C8913F2B8A0B390056510C /* Build configuration list for PBXNativeTarget "SwiftUIBootcampTests" */ = {
			isa = XCConfigurationList;
			buildConfigurations = (
				04C891402B8A0B390056510C /* Debug */,
				04C891412B8A0B390056510C /* Release */,
			);
			defaultConfigurationIsVisible = 0;
			defaultConfigurationName = Release;
		};
		04C891422B8A0B390056510C /* Build configuration list for PBXNativeTarget "SwiftUIBootcampUITests" */ = {
			isa = XCConfigurationList;
			buildConfigurations = (
				04C891432B8A0B390056510C /* Debug */,
				04C891442B8A0B390056510C /* Release */,
			);
			defaultConfigurationIsVisible = 0;
			defaultConfigurationName = Release;
		};
/* End XCConfigurationList section */

/* Begin XCLocalSwiftPackageReference section */
		04C1290C2B8CAAF8003D7C19 /* XCLocalSwiftPackageReference "../../Downloads/realm-swift-next-major" */ = {
			isa = XCLocalSwiftPackageReference;
			relativePath = "../../Downloads/realm-swift-next-major";
		};
/* End XCLocalSwiftPackageReference section */
	};
	rootObject = 04C891102B8A0B340056510C /* Project object */;
}
